
Microsoft Visual Studio Solution File, Format Version 12.00
# Visual Studio 15
VisualStudioVersion = 15.0.28307.757
MinimumVisualStudioVersion = 10.0.40219.1
Project("{9A19103F-16F7-4668-BE54-9A1E7A4F7556}") = "Senai.Optus.WebApi", "Senai.Optus.WebApi.\Senai.Optus.WebApi.csproj", "{7FD23701-7B4F-454E-AA27-D0515CCF63AA}"
EndProject
Global
	GlobalSection(SolutionConfigurationPlatforms) = preSolution
		Debug|Any CPU = Debug|Any CPU
		Release|Any CPU = Release|Any CPU
	EndGlobalSection
	GlobalSection(ProjectConfigurationPlatforms) = postSolution
		{7FD23701-7B4F-454E-AA27-D0515CCF63AA}.Debug|Any CPU.ActiveCfg = Debug|Any CPU
		{7FD23701-7B4F-454E-AA27-D0515CCF63AA}.Debug|Any CPU.Build.0 = Debug|Any CPU
		{7FD23701-7B4F-454E-AA27-D0515CCF63AA}.Release|Any CPU.ActiveCfg = Release|Any CPU
		{7FD23701-7B4F-454E-AA27-D0515CCF63AA}.Release|Any CPU.Build.0 = Release|Any CPU
	EndGlobalSection
	GlobalSection(SolutionProperties) = preSolution
		HideSolutionNode = FALSE
	EndGlobalSection
	GlobalSection(ExtensibilityGlobals) = postSolution
		SolutionGuid = {06838D3C-5F17-46FD-891E-DE73576FD845}
	EndGlobalSection
EndGlobal
